
Microsoft Visual Studio Solution File, Format Version 12.00
# Visual Studio 15
VisualStudioVersion = 15.0.28010.2016
MinimumVisualStudioVersion = 10.0.40219.1
Project("{9A19103F-16F7-4668-BE54-9A1E7A4F7556}") = "Order_Api", "Order\Order_Api.csproj", "{A71D88A4-C0C6-4914-A953-4A85F3DD5C1A}"
	ProjectSection(ProjectDependencies) = postProject
		{12E6C5BF-ADEA-453C-BBCF-6777EED7999A} = {12E6C5BF-ADEA-453C-BBCF-6777EED7999A}
	EndProjectSection
EndProject
Project("{9A19103F-16F7-4668-BE54-9A1E7A4F7556}") = "Order_Services", "Order_Services\Order_Services.csproj", "{12E6C5BF-ADEA-453C-BBCF-6777EED7999A}"
	ProjectSection(ProjectDependencies) = postProject
		{4CBF3623-DACE-4787-AA4B-344AF2B20914} = {4CBF3623-DACE-4787-AA4B-344AF2B20914}
	EndProjectSection
EndProject
Project("{9A19103F-16F7-4668-BE54-9A1E7A4F7556}") = "Order_Domain", "Order_Domain\Order_Domain.csproj", "{4CBF3623-DACE-4787-AA4B-344AF2B20914}"
EndProject
Project("{9A19103F-16F7-4668-BE54-9A1E7A4F7556}") = "Order.IntegrationTests", "Order.IntegrationTests\Order.IntegrationTests.csproj", "{418EE03C-4512-4D57-89C0-D3FA5518B810}"
EndProject
Project("{9A19103F-16F7-4668-BE54-9A1E7A4F7556}") = "Order.Domain.UnitTests", "Order.Domain.UnitTests\Order.Domain.UnitTests.csproj", "{65D047EB-F3EC-4E60-A23D-2DC43C62ED49}"
EndProject
Project("{9A19103F-16F7-4668-BE54-9A1E7A4F7556}") = "Order.Services.Tests", "Order.Services.Tests\Order.Services.Tests.csproj", "{40020D27-23A7-44A3-8CAA-61FF1ED627F4}"
	ProjectSection(ProjectDependencies) = postProject
		{4CBF3623-DACE-4787-AA4B-344AF2B20914} = {4CBF3623-DACE-4787-AA4B-344AF2B20914}
		{12E6C5BF-ADEA-453C-BBCF-6777EED7999A} = {12E6C5BF-ADEA-453C-BBCF-6777EED7999A}
	EndProjectSection
EndProject
Project("{9A19103F-16F7-4668-BE54-9A1E7A4F7556}") = "Order.Data", "Order.Data\Order.Data.csproj", "{70F45203-2665-4F38-B652-ACF6A45F92C9}"
	ProjectSection(ProjectDependencies) = postProject
		{4CBF3623-DACE-4787-AA4B-344AF2B20914} = {4CBF3623-DACE-4787-AA4B-344AF2B20914}
	EndProjectSection
EndProject
Project("{FAE04EC0-301F-11D3-BF4B-00C04F79EFBC}") = "Order.Api.UnitTests", "Order.Api.UnitTests\Order.Api.UnitTests.csproj", "{988CBFFF-2DD6-4A46-A022-539F47E16006}"
	ProjectSection(ProjectDependencies) = postProject
		{A71D88A4-C0C6-4914-A953-4A85F3DD5C1A} = {A71D88A4-C0C6-4914-A953-4A85F3DD5C1A}
	EndProjectSection
EndProject
Global
	GlobalSection(SolutionConfigurationPlatforms) = preSolution
		Debug|Any CPU = Debug|Any CPU
		Release|Any CPU = Release|Any CPU
	EndGlobalSection
	GlobalSection(ProjectConfigurationPlatforms) = postSolution
		{A71D88A4-C0C6-4914-A953-4A85F3DD5C1A}.Debug|Any CPU.ActiveCfg = Debug|Any CPU
		{A71D88A4-C0C6-4914-A953-4A85F3DD5C1A}.Debug|Any CPU.Build.0 = Debug|Any CPU
		{A71D88A4-C0C6-4914-A953-4A85F3DD5C1A}.Release|Any CPU.ActiveCfg = Release|Any CPU
		{A71D88A4-C0C6-4914-A953-4A85F3DD5C1A}.Release|Any CPU.Build.0 = Release|Any CPU
		{12E6C5BF-ADEA-453C-BBCF-6777EED7999A}.Debug|Any CPU.ActiveCfg = Debug|Any CPU
		{12E6C5BF-ADEA-453C-BBCF-6777EED7999A}.Debug|Any CPU.Build.0 = Debug|Any CPU
		{12E6C5BF-ADEA-453C-BBCF-6777EED7999A}.Release|Any CPU.ActiveCfg = Release|Any CPU
		{12E6C5BF-ADEA-453C-BBCF-6777EED7999A}.Release|Any CPU.Build.0 = Release|Any CPU
		{4CBF3623-DACE-4787-AA4B-344AF2B20914}.Debug|Any CPU.ActiveCfg = Debug|Any CPU
		{4CBF3623-DACE-4787-AA4B-344AF2B20914}.Debug|Any CPU.Build.0 = Debug|Any CPU
		{4CBF3623-DACE-4787-AA4B-344AF2B20914}.Release|Any CPU.ActiveCfg = Release|Any CPU
		{4CBF3623-DACE-4787-AA4B-344AF2B20914}.Release|Any CPU.Build.0 = Release|Any CPU
		{418EE03C-4512-4D57-89C0-D3FA5518B810}.Debug|Any CPU.ActiveCfg = Debug|Any CPU
		{418EE03C-4512-4D57-89C0-D3FA5518B810}.Debug|Any CPU.Build.0 = Debug|Any CPU
		{418EE03C-4512-4D57-89C0-D3FA5518B810}.Release|Any CPU.ActiveCfg = Release|Any CPU
		{418EE03C-4512-4D57-89C0-D3FA5518B810}.Release|Any CPU.Build.0 = Release|Any CPU
		{65D047EB-F3EC-4E60-A23D-2DC43C62ED49}.Debug|Any CPU.ActiveCfg = Debug|Any CPU
		{65D047EB-F3EC-4E60-A23D-2DC43C62ED49}.Debug|Any CPU.Build.0 = Debug|Any CPU
		{65D047EB-F3EC-4E60-A23D-2DC43C62ED49}.Release|Any CPU.ActiveCfg = Release|Any CPU
		{65D047EB-F3EC-4E60-A23D-2DC43C62ED49}.Release|Any CPU.Build.0 = Release|Any CPU
		{40020D27-23A7-44A3-8CAA-61FF1ED627F4}.Debug|Any CPU.ActiveCfg = Debug|Any CPU
		{40020D27-23A7-44A3-8CAA-61FF1ED627F4}.Debug|Any CPU.Build.0 = Debug|Any CPU
		{40020D27-23A7-44A3-8CAA-61FF1ED627F4}.Release|Any CPU.ActiveCfg = Release|Any CPU
		{40020D27-23A7-44A3-8CAA-61FF1ED627F4}.Release|Any CPU.Build.0 = Release|Any CPU
		{70F45203-2665-4F38-B652-ACF6A45F92C9}.Debug|Any CPU.ActiveCfg = Debug|Any CPU
		{70F45203-2665-4F38-B652-ACF6A45F92C9}.Debug|Any CPU.Build.0 = Debug|Any CPU
		{70F45203-2665-4F38-B652-ACF6A45F92C9}.Release|Any CPU.ActiveCfg = Release|Any CPU
		{70F45203-2665-4F38-B652-ACF6A45F92C9}.Release|Any CPU.Build.0 = Release|Any CPU
		{988CBFFF-2DD6-4A46-A022-539F47E16006}.Debug|Any CPU.ActiveCfg = Debug|Any CPU
		{988CBFFF-2DD6-4A46-A022-539F47E16006}.Debug|Any CPU.Build.0 = Debug|Any CPU
		{988CBFFF-2DD6-4A46-A022-539F47E16006}.Release|Any CPU.ActiveCfg = Release|Any CPU
		{988CBFFF-2DD6-4A46-A022-539F47E16006}.Release|Any CPU.Build.0 = Release|Any CPU
	EndGlobalSection
	GlobalSection(SolutionProperties) = preSolution
		HideSolutionNode = FALSE
	EndGlobalSection
	GlobalSection(ExtensibilityGlobals) = postSolution
		SolutionGuid = {60CCE9B0-26E9-4855-A6B4-230A01BD851F}
	EndGlobalSection
EndGlobal
